PODS:
  - CZPhotoPickerController (1.2.1)
  - KIF-next (2.0.0pre5)
  - SHFastEnumerationProtocols (1.3.0)
  - SHTestCaseAdditions (1.2.0)

DEPENDENCIES:
  - CZPhotoPickerController (from `../`)
  - KIF-next
  - SHFastEnumerationProtocols
  - SHTestCaseAdditions

EXTERNAL SOURCES:
  CZPhotoPickerController:
    :path: ../

SPEC CHECKSUMS:
  CZPhotoPickerController: 52f4021439bbe91473d4c848947dfe696c4be486
  KIF-next: 3395dc3df4491f9b7a36d39539ecebefbcc800a8
  SHFastEnumerationProtocols: b83587ae41c1990851bcd675da01636a1b2addc8
  SHTestCaseAdditions: bbd3d1fd35b4165a1a5ed67f29c1699d70120c27

COCOAPODS: 0.25.0
