PODS:
  - CZPhotoPickerController (2.0.2)

DEPENDENCIES:
  - CZPhotoPickerController (from `../`)

EXTERNAL SOURCES:
  CZPhotoPickerController:
    :path: "../"

SPEC CHECKSUMS:
  CZPhotoPickerController: 6a3764d46c8fa839b1a1d3b679b1a65d16bd8c08

PODFILE CHECKSUM: 7d092e7783907f9a1b5580aeaf6f6e08a207900b

COCOAPODS: 1.5.3
