PODS:
  - CZPhotoPickerController (2.0.1)

DEPENDENCIES:
  - CZPhotoPickerController (from `../`)

EXTERNAL SOURCES:
  CZPhotoPickerController:
    :path: "../"

SPEC CHECKSUMS:
  CZPhotoPickerController: 2918dc11078aec254a42a58a5330b0bd12c00c74

PODFILE CHECKSUM: 7d092e7783907f9a1b5580aeaf6f6e08a207900b

COCOAPODS: 1.5.3
